%{"bunt": {:hex, :bunt, "0.2.0", "951c6e801e8b1d2cbe58ebbd3e616a869061ddadcc4863d0a2182541acae9a38", [:mix], []},
  "credo": {:hex, :credo, "0.7.3", "9827ab04002186af1aec014a811839a06f72aaae6cd5eed3919b248c8767dbf3", [:mix], [{:bunt, "~> 0.2.0", [hex: :bunt, optional: false]}]},
  "distillery": {:hex, :distillery, "1.3.5", "d13d3a5282c8e7b2128383e9b4491dac39dc9ab37b43fc000f10e687057cfacd", [:mix], []},
  "elixir_ale": {:hex, :elixir_ale, "0.6.2", "95324b1b5545b9c176f10f4cff4a2e222d5d8c05c771ab0c8193ad62a7e1ddd7", [:make, :mix], [{:elixir_make, "~> 0.4", [hex: :elixir_make, optional: false]}]},
  "elixir_make": {:hex, :elixir_make, "0.4.0", "992f38fabe705bb45821a728f20914c554b276838433349d4f2341f7a687cddf", [:mix], []},
  "fs": {:hex, :fs, "2.12.0", "ad631efacc9a5683c8eaa1b274e24fa64a1b8eb30747e9595b93bec7e492e25e", [:rebar3], []},
  "gen_stage": {:hex, :gen_stage, "0.11.0", "943bdfa85c75fa624e0a36a9d135baad20a523be040178f5a215444b45c66ea4", [:mix], []},
  "grovepi": {:hex, :grovepi, "0.3.1", "2ccb4d2be71e050827e940b65b37df688afc4ef468a6753a5c690bfc2ff5b5de", [:mix], [{:elixir_ale, "~> 0.6", [hex: :elixir_ale, optional: false]}]},
  "mix_test_watch": {:hex, :mix_test_watch, "0.4.0", "7e44b681b0238999d4c39b5beed77b4ac45aef1c112a763aae414bdb5bc34523", [:mix], [{:fs, "~> 2.12", [hex: :fs, optional: false]}]},
  "nerves": {:hex, :nerves, "0.5.1", "a55d73752e8f271c7aca5fbe47747f07d0e7760b5e858e7f8da17ab06287f49c", [:mix], [{:distillery, "~> 1.0", [hex: :distillery, optional: false]}]},
  "nerves_interim_wifi": {:hex, :nerves_interim_wifi, "0.2.0", "d8fa51dfcdaf06c2d453de03ef22e7a3ca673412718b1c988b5742fb1629d8cc", [:make, :mix], [{:elixir_make, "~> 0.3", [hex: :elixir_make, optional: false]}, {:nerves_network_interface, "~> 0.4.0", [hex: :nerves_network_interface, optional: false]}, {:nerves_wpa_supplicant, "~> 0.3.0", [hex: :nerves_wpa_supplicant, optional: false]}]},
  "nerves_network_interface": {:hex, :nerves_network_interface, "0.4.0", "a8e7662cd56fb4fe9060c891d35c43bbbff692ee6fd2d5efd538717da0cd96b8", [:make, :mix], [{:elixir_make, "~> 0.3", [hex: :elixir_make, optional: false]}]},
  "nerves_runtime": {:hex, :nerves_runtime, "0.1.2", "eeceaf6e2091831e8e6f2204c4c3817c98e90f0d4aa646bf0054d4680a0ef0a4", [:make, :mix], [{:elixir_make, "~> 0.3", [hex: :elixir_make, optional: false]}, {:gen_stage, "~> 0.4", [hex: :gen_stage, optional: false]}, {:nerves_uart, "~> 0.1.0", [hex: :nerves_uart, optional: true]}]},
  "nerves_system_bbb": {:hex, :nerves_system_bbb, "0.12.0", "d0326a322df1b3a8513af672bb9f91efd02d777896dda2624f3a5df051b784ba", [:mix], [{:nerves, "~> 0.5", [hex: :nerves, optional: false]}, {:nerves_system_br, "~> 0.10.0", [hex: :nerves_system_br, optional: false]}, {:nerves_toolchain_arm_unknown_linux_gnueabihf, "~> 0.10.0", [hex: :nerves_toolchain_arm_unknown_linux_gnueabihf, optional: false]}]},
  "nerves_system_br": {:hex, :nerves_system_br, "0.10.1", "c3a40fcca99a46e485aec22f3a55d09dbc97dbe7902874ce794778625a336730", [:mix], []},
  "nerves_toolchain_arm_unknown_linux_gnueabihf": {:hex, :nerves_toolchain_arm_unknown_linux_gnueabihf, "0.10.0", "18200c6cc3fcda1cbe263b7f7d50ff05db495b881ade9436cd1667b3e8e62429", [:mix], [{:nerves, "~> 0.4", [hex: :nerves, optional: false]}, {:nerves_toolchain_ctng, "~> 0.9", [hex: :nerves_toolchain_ctng, optional: false]}]},
  "nerves_toolchain_ctng": {:hex, :nerves_toolchain_ctng, "0.9.0", "825b2b5bbacc3ad20c8513baafd44978616d5b451e6e052cdb727be81e7cdcac", [:mix], []},
  "nerves_wpa_supplicant": {:hex, :nerves_wpa_supplicant, "0.3.0", "dfda748df2662e1e9e95df6662c3a512d371ef23359b2c090b9c8c884b236a3d", [:make, :mix], [{:elixir_make, "~> 0.3", [hex: :elixir_make, optional: false]}]}}
